
Microsoft Visual Studio Solution File, Format Version 12.00
# Visual Studio Version 17
VisualStudioVersion = 17.5.33530.505
MinimumVisualStudioVersion = 10.0.40219.1
Project("{FAE04EC0-301F-11D3-BF4B-00C04F79EFBC}") = "GithubActions", "GithubActions.csproj", "{EB20A9C5-D2B8-4AE8-9A3C-19925F773870}"
EndProject
Global
	GlobalSection(SolutionConfigurationPlatforms) = preSolution
		Debug|Any CPU = Debug|Any CPU
		Release|Any CPU = Release|Any CPU
	EndGlobalSection
	GlobalSection(ProjectConfigurationPlatforms) = postSolution
		{EB20A9C5-D2B8-4AE8-9A3C-19925F773870}.Debug|Any CPU.ActiveCfg = Debug|Any CPU
		{EB20A9C5-D2B8-4AE8-9A3C-19925F773870}.Debug|Any CPU.Build.0 = Debug|Any CPU
		{EB20A9C5-D2B8-4AE8-9A3C-19925F773870}.Release|Any CPU.ActiveCfg = Release|Any CPU
		{EB20A9C5-D2B8-4AE8-9A3C-19925F773870}.Release|Any CPU.Build.0 = Release|Any CPU
	EndGlobalSection
	GlobalSection(SolutionProperties) = preSolution
		HideSolutionNode = FALSE
	EndGlobalSection
	GlobalSection(ExtensibilityGlobals) = postSolution
		SolutionGuid = {2C77B127-5506-4522-BAD0-6D88421D0880}
	EndGlobalSection
EndGlobal
